
Microsoft Visual Studio Solution File, Format Version 12.00
# Visual Studio 2012
Project("{FAE04EC0-301F-11D3-BF4B-00C04F79EFBC}") = "HanyangVoting.Clients.Booth", "HanyangVoting.Clients.Booth\HanyangVoting.Clients.Booth.csproj", "{42CDA374-1582-4C70-B7DA-F8B519BFA220}"
EndProject
Project("{FAE04EC0-301F-11D3-BF4B-00C04F79EFBC}") = "HanyangVoting.Clients.Station", "HanyangVoting.Clients.Station\HanyangVoting.Clients.Station.csproj", "{728591F6-F55F-4866-A677-8379F99A3827}"
EndProject
Project("{FAE04EC0-301F-11D3-BF4B-00C04F79EFBC}") = "HanyangVoting.Clients", "HanyangVoting.Clients\HanyangVoting.Clients.csproj", "{6C92D5CD-558D-48D2-9991-948012A5928F}"
EndProject
Project("{FAE04EC0-301F-11D3-BF4B-00C04F79EFBC}") = "HanyangVoting.Tools.Shell", "HanyangVoting.Tools.Shell\HanyangVoting.Tools.Shell.csproj", "{AA2C884E-AD64-48CE-B8C2-A7A1C0D18BE5}"
EndProject
Project("{FAE04EC0-301F-11D3-BF4B-00C04F79EFBC}") = "HanyangVoting.Tools.Module", "HanyangVoting.Tools.Module\HanyangVoting.Tools.Module.csproj", "{D65D2F98-FCBD-45A7-B7AC-1D70D4986430}"
EndProject
Project("{FAE04EC0-301F-11D3-BF4B-00C04F79EFBC}") = "HanyangVoting.CodeReader", "HanyangVoting.CodeReader\HanyangVoting.CodeReader.csproj", "{20180A0E-049A-4A47-8166-C30B0B9285A1}"
EndProject
Project("{2150E333-8FDC-42A3-9474-1A3956D46DE8}") = ".nuget", ".nuget", "{EA0757D0-6B12-4A0B-B9DE-0B7D807C9898}"
	ProjectSection(SolutionItems) = preProject
		.nuget\NuGet.Config = .nuget\NuGet.Config
		.nuget\NuGet.exe = .nuget\NuGet.exe
		.nuget\NuGet.targets = .nuget\NuGet.targets
	EndProjectSection
EndProject
Project("{FAE04EC0-301F-11D3-BF4B-00C04F79EFBC}") = "HanyangVoting", "HanyangVoting\HanyangVoting.csproj", "{99BF65A9-1B3D-4C68-B065-69430BAEDD3B}"
EndProject
Global
	GlobalSection(SolutionConfigurationPlatforms) = preSolution
		Debug|Any CPU = Debug|Any CPU
		Release|Any CPU = Release|Any CPU
	EndGlobalSection
	GlobalSection(ProjectConfigurationPlatforms) = postSolution
		{42CDA374-1582-4C70-B7DA-F8B519BFA220}.Debug|Any CPU.ActiveCfg = Debug|Any CPU
		{42CDA374-1582-4C70-B7DA-F8B519BFA220}.Debug|Any CPU.Build.0 = Debug|Any CPU
		{42CDA374-1582-4C70-B7DA-F8B519BFA220}.Release|Any CPU.ActiveCfg = Release|Any CPU
		{42CDA374-1582-4C70-B7DA-F8B519BFA220}.Release|Any CPU.Build.0 = Release|Any CPU
		{728591F6-F55F-4866-A677-8379F99A3827}.Debug|Any CPU.ActiveCfg = Debug|Any CPU
		{728591F6-F55F-4866-A677-8379F99A3827}.Debug|Any CPU.Build.0 = Debug|Any CPU
		{728591F6-F55F-4866-A677-8379F99A3827}.Release|Any CPU.ActiveCfg = Release|Any CPU
		{728591F6-F55F-4866-A677-8379F99A3827}.Release|Any CPU.Build.0 = Release|Any CPU
		{6C92D5CD-558D-48D2-9991-948012A5928F}.Debug|Any CPU.ActiveCfg = Debug|Any CPU
		{6C92D5CD-558D-48D2-9991-948012A5928F}.Debug|Any CPU.Build.0 = Debug|Any CPU
		{6C92D5CD-558D-48D2-9991-948012A5928F}.Release|Any CPU.ActiveCfg = Release|Any CPU
		{6C92D5CD-558D-48D2-9991-948012A5928F}.Release|Any CPU.Build.0 = Release|Any CPU
		{AA2C884E-AD64-48CE-B8C2-A7A1C0D18BE5}.Debug|Any CPU.ActiveCfg = Debug|Any CPU
		{AA2C884E-AD64-48CE-B8C2-A7A1C0D18BE5}.Debug|Any CPU.Build.0 = Debug|Any CPU
		{AA2C884E-AD64-48CE-B8C2-A7A1C0D18BE5}.Release|Any CPU.ActiveCfg = Release|Any CPU
		{AA2C884E-AD64-48CE-B8C2-A7A1C0D18BE5}.Release|Any CPU.Build.0 = Release|Any CPU
		{D65D2F98-FCBD-45A7-B7AC-1D70D4986430}.Debug|Any CPU.ActiveCfg = Debug|Any CPU
		{D65D2F98-FCBD-45A7-B7AC-1D70D4986430}.Debug|Any CPU.Build.0 = Debug|Any CPU
		{D65D2F98-FCBD-45A7-B7AC-1D70D4986430}.Release|Any CPU.ActiveCfg = Release|Any CPU
		{D65D2F98-FCBD-45A7-B7AC-1D70D4986430}.Release|Any CPU.Build.0 = Release|Any CPU
		{20180A0E-049A-4A47-8166-C30B0B9285A1}.Debug|Any CPU.ActiveCfg = Debug|Any CPU
		{20180A0E-049A-4A47-8166-C30B0B9285A1}.Debug|Any CPU.Build.0 = Debug|Any CPU
		{20180A0E-049A-4A47-8166-C30B0B9285A1}.Release|Any CPU.ActiveCfg = Release|Any CPU
		{20180A0E-049A-4A47-8166-C30B0B9285A1}.Release|Any CPU.Build.0 = Release|Any CPU
		{99BF65A9-1B3D-4C68-B065-69430BAEDD3B}.Debug|Any CPU.ActiveCfg = Debug|Any CPU
		{99BF65A9-1B3D-4C68-B065-69430BAEDD3B}.Debug|Any CPU.Build.0 = Debug|Any CPU
		{99BF65A9-1B3D-4C68-B065-69430BAEDD3B}.Release|Any CPU.ActiveCfg = Release|Any CPU
		{99BF65A9-1B3D-4C68-B065-69430BAEDD3B}.Release|Any CPU.Build.0 = Release|Any CPU
	EndGlobalSection
	GlobalSection(SolutionProperties) = preSolution
		HideSolutionNode = FALSE
	EndGlobalSection
EndGlobal
