
Microsoft Visual Studio Solution File, Format Version 12.00
# Visual Studio 2012
Project("{FAE04EC0-301F-11D3-BF4B-00C04F79EFBC}") = "HanyangVoting.Booth", "HanyangVoting.Booth\HanyangVoting.Booth.csproj", "{D687B378-C899-4219-9CD1-FF4682C93CE7}"
EndProject
Project("{FAE04EC0-301F-11D3-BF4B-00C04F79EFBC}") = "HanyangVoting.Station", "HanyangVoting.Station\HanyangVoting.Station.csproj", "{A62A6328-E59B-41F4-A31A-62F8128486BE}"
EndProject
Global
	GlobalSection(SolutionConfigurationPlatforms) = preSolution
		Debug|Any CPU = Debug|Any CPU
		Release|Any CPU = Release|Any CPU
	EndGlobalSection
	GlobalSection(ProjectConfigurationPlatforms) = postSolution
		{D687B378-C899-4219-9CD1-FF4682C93CE7}.Debug|Any CPU.ActiveCfg = Debug|Any CPU
		{D687B378-C899-4219-9CD1-FF4682C93CE7}.Debug|Any CPU.Build.0 = Debug|Any CPU
		{D687B378-C899-4219-9CD1-FF4682C93CE7}.Release|Any CPU.ActiveCfg = Release|Any CPU
		{D687B378-C899-4219-9CD1-FF4682C93CE7}.Release|Any CPU.Build.0 = Release|Any CPU
		{A62A6328-E59B-41F4-A31A-62F8128486BE}.Debug|Any CPU.ActiveCfg = Debug|Any CPU
		{A62A6328-E59B-41F4-A31A-62F8128486BE}.Debug|Any CPU.Build.0 = Debug|Any CPU
		{A62A6328-E59B-41F4-A31A-62F8128486BE}.Release|Any CPU.ActiveCfg = Release|Any CPU
		{A62A6328-E59B-41F4-A31A-62F8128486BE}.Release|Any CPU.Build.0 = Release|Any CPU
	EndGlobalSection
	GlobalSection(SolutionProperties) = preSolution
		HideSolutionNode = FALSE
	EndGlobalSection
EndGlobal
