
Microsoft Visual Studio Solution File, Format Version 12.00
# Visual Studio 2012
Project("{FAE04EC0-301F-11D3-BF4B-00C04F79EFBC}") = "HanyangVoting.Clients.Booth", "HanyangVoting.Clients.Booth\HanyangVoting.Clients.Booth.csproj", "{42CDA374-1582-4C70-B7DA-F8B519BFA220}"
EndProject
Project("{FAE04EC0-301F-11D3-BF4B-00C04F79EFBC}") = "HanyangVoting.Clients.Station", "HanyangVoting.Clients.Station\HanyangVoting.Clients.Station.csproj", "{728591F6-F55F-4866-A677-8379F99A3827}"
EndProject
Project("{FAE04EC0-301F-11D3-BF4B-00C04F79EFBC}") = "HanyangVoting.Clients", "HanyangVoting.Clients\HanyangVoting.Clients.csproj", "{6C92D5CD-558D-48D2-9991-948012A5928F}"
EndProject
Global
	GlobalSection(SolutionConfigurationPlatforms) = preSolution
		Debug|Any CPU = Debug|Any CPU
		Release|Any CPU = Release|Any CPU
	EndGlobalSection
	GlobalSection(ProjectConfigurationPlatforms) = postSolution
		{42CDA374-1582-4C70-B7DA-F8B519BFA220}.Debug|Any CPU.ActiveCfg = Debug|Any CPU
		{42CDA374-1582-4C70-B7DA-F8B519BFA220}.Debug|Any CPU.Build.0 = Debug|Any CPU
		{42CDA374-1582-4C70-B7DA-F8B519BFA220}.Release|Any CPU.ActiveCfg = Release|Any CPU
		{42CDA374-1582-4C70-B7DA-F8B519BFA220}.Release|Any CPU.Build.0 = Release|Any CPU
		{728591F6-F55F-4866-A677-8379F99A3827}.Debug|Any CPU.ActiveCfg = Debug|Any CPU
		{728591F6-F55F-4866-A677-8379F99A3827}.Debug|Any CPU.Build.0 = Debug|Any CPU
		{728591F6-F55F-4866-A677-8379F99A3827}.Release|Any CPU.ActiveCfg = Release|Any CPU
		{728591F6-F55F-4866-A677-8379F99A3827}.Release|Any CPU.Build.0 = Release|Any CPU
		{6C92D5CD-558D-48D2-9991-948012A5928F}.Debug|Any CPU.ActiveCfg = Debug|Any CPU
		{6C92D5CD-558D-48D2-9991-948012A5928F}.Debug|Any CPU.Build.0 = Debug|Any CPU
		{6C92D5CD-558D-48D2-9991-948012A5928F}.Release|Any CPU.ActiveCfg = Release|Any CPU
		{6C92D5CD-558D-48D2-9991-948012A5928F}.Release|Any CPU.Build.0 = Release|Any CPU
	EndGlobalSection
	GlobalSection(SolutionProperties) = preSolution
		HideSolutionNode = FALSE
	EndGlobalSection
EndGlobal
